
Microsoft Visual Studio Solution File, Format Version 12.00
Project("{FAE04EC0-301F-11D3-BF4B-00C04F79EFBC}") = "EMS.DataAccess.EntityFrameworkCore", "src\EMS.DataAccess.EntityFrameworkCore\EMS.DataAccess.EntityFrameworkCore.csproj", "{0C95FDC2-FCE6-4441-BD11-D73B03E53AA4}"
EndProject
Project("{FAE04EC0-301F-11D3-BF4B-00C04F79EFBC}") = "EMS.DataAccess.EntityFrameworkCore.Tests", "test\EMS.DataAccess.EntityFrameworkCore.Tests\EMS.DataAccess.EntityFrameworkCore.Tests.csproj", "{BA2238DC-C744-4E9F-B9A4-1672E5434200}"
EndProject
Global
	GlobalSection(SolutionConfigurationPlatforms) = preSolution
		Debug|Any CPU = Debug|Any CPU
		Release|Any CPU = Release|Any CPU
	EndGlobalSection
	GlobalSection(ProjectConfigurationPlatforms) = postSolution
		{0C95FDC2-FCE6-4441-BD11-D73B03E53AA4}.Debug|Any CPU.ActiveCfg = Debug|Any CPU
		{0C95FDC2-FCE6-4441-BD11-D73B03E53AA4}.Debug|Any CPU.Build.0 = Debug|Any CPU
		{0C95FDC2-FCE6-4441-BD11-D73B03E53AA4}.Release|Any CPU.ActiveCfg = Release|Any CPU
		{0C95FDC2-FCE6-4441-BD11-D73B03E53AA4}.Release|Any CPU.Build.0 = Release|Any CPU
		{BA2238DC-C744-4E9F-B9A4-1672E5434200}.Debug|Any CPU.ActiveCfg = Debug|Any CPU
		{BA2238DC-C744-4E9F-B9A4-1672E5434200}.Debug|Any CPU.Build.0 = Debug|Any CPU
		{BA2238DC-C744-4E9F-B9A4-1672E5434200}.Release|Any CPU.ActiveCfg = Release|Any CPU
		{BA2238DC-C744-4E9F-B9A4-1672E5434200}.Release|Any CPU.Build.0 = Release|Any CPU
	EndGlobalSection
EndGlobal
